
Microsoft Visual Studio Solution File, Format Version 12.00
# Visual Studio Version 17
VisualStudioVersion = 17.7.34024.191
MinimumVisualStudioVersion = 10.0.40219.1
Project("{FAE04EC0-301F-11D3-BF4B-00C04F79EFBC}") = "TallerConsola74", "TallerConsola74\TallerConsola74.csproj", "{E2EA52EF-D3EB-4385-AE76-12FAA1E2E5C3}"
EndProject
Global
	GlobalSection(SolutionConfigurationPlatforms) = preSolution
		Debug|Any CPU = Debug|Any CPU
		Release|Any CPU = Release|Any CPU
	EndGlobalSection
	GlobalSection(ProjectConfigurationPlatforms) = postSolution
		{E2EA52EF-D3EB-4385-AE76-12FAA1E2E5C3}.Debug|Any CPU.ActiveCfg = Debug|Any CPU
		{E2EA52EF-D3EB-4385-AE76-12FAA1E2E5C3}.Debug|Any CPU.Build.0 = Debug|Any CPU
		{E2EA52EF-D3EB-4385-AE76-12FAA1E2E5C3}.Release|Any CPU.ActiveCfg = Release|Any CPU
		{E2EA52EF-D3EB-4385-AE76-12FAA1E2E5C3}.Release|Any CPU.Build.0 = Release|Any CPU
	EndGlobalSection
	GlobalSection(SolutionProperties) = preSolution
		HideSolutionNode = FALSE
	EndGlobalSection
	GlobalSection(ExtensibilityGlobals) = postSolution
		SolutionGuid = {6155C184-3155-4BC1-8068-0EAA99C5F5D8}
	EndGlobalSection
EndGlobal
